<?xml version="1.0" encoding="utf-8"?>
<Project ToolsVersion="4.0" xmlns="http://schemas.microsoft.com/developer/msbuild/2003">
  <ItemGroup>
    <ClInclude Include="Card.h">
      <Filter>Card</Filter>
    </ClInclude>
    <ClInclude Include="Context.h">
      <Filter>Context</Filter>
    </ClInclude>
    <ClInclude Include="TLV.h">
      <Filter>TLV</Filter>
    </ClInclude>
    <ClInclude Include="Tag.h">
      <Filter>Tag</Filter>
    </ClInclude>
    <ClInclude Include="Length.h">
      <Filter>Length</Filter>
    </ClInclude>
    <ClInclude Include="cAPDU.h">
      <Filter>APDU</Filter>
    </ClInclude>
    <ClInclude Include="rAPDU.h">
      <Filter>APDU</Filter>
    </ClInclude>
    <ClInclude Include="TLVList.h">
      <Filter>TLV</Filter>
    </ClInclude>
    <ClInclude Include="Readers.h">
      <Filter>Readers</Filter>
    </ClInclude>
    <ClInclude Include="TLList.h">
      <Filter>TL</Filter>
    </ClInclude>
    <ClInclude Include="TL.h">
      <Filter>TL</Filter>
    </ClInclude>
    <ClInclude Include="SW.h">
      <Filter>SW</Filter>
    </ClInclude>
    <ClInclude Include="EventListener.h">
      <Filter>EventListener</Filter>
    </ClInclude>
    <ClInclude Include="AccessStartedEventListener.h">
      <Filter>EventListener</Filter>
    </ClInclude>
  </ItemGroup>
  <ItemGroup>
    <ClCompile Include="Card.cpp">
      <Filter>Card</Filter>
    </ClCompile>
    <ClCompile Include="Context.cpp">
      <Filter>Context</Filter>
    </ClCompile>
    <ClCompile Include="TLV.cpp">
      <Filter>TLV</Filter>
    </ClCompile>
    <ClCompile Include="Tag.cpp">
      <Filter>Tag</Filter>
    </ClCompile>
    <ClCompile Include="Length.cpp">
      <Filter>Length</Filter>
    </ClCompile>
    <ClCompile Include="cAPDU.cpp">
      <Filter>APDU</Filter>
    </ClCompile>
    <ClCompile Include="rAPDU.cpp">
      <Filter>APDU</Filter>
    </ClCompile>
    <ClCompile Include="TLVList.cpp">
      <Filter>TLV</Filter>
    </ClCompile>
    <ClCompile Include="Readers.cpp">
      <Filter>Readers</Filter>
    </ClCompile>
    <ClCompile Include="TLList.cpp">
      <Filter>TL</Filter>
    </ClCompile>
    <ClCompile Include="TL.cpp">
      <Filter>TL</Filter>
    </ClCompile>
    <ClCompile Include="EventListener.cpp">
      <Filter>EventListener</Filter>
    </ClCompile>
    <ClCompile Include="AccessStartedEventListener.cpp">
      <Filter>EventListener</Filter>
    </ClCompile>
  </ItemGroup>
  <ItemGroup>
    <Filter Include="Card">
      <UniqueIdentifier>{60271f00-4daa-4e24-b645-a0c450df59a7}</UniqueIdentifier>
    </Filter>
    <Filter Include="Context">
      <UniqueIdentifier>{1d0fb2f4-1cf7-4b69-95c1-323c28bd4916}</UniqueIdentifier>
    </Filter>
    <Filter Include="TLV">
      <UniqueIdentifier>{08f5aec5-bdf0-4f67-9469-157b25828abe}</UniqueIdentifier>
    </Filter>
    <Filter Include="APDU">
      <UniqueIdentifier>{b31b041f-7aeb-446b-a872-86ddc0ccd3fb}</UniqueIdentifier>
    </Filter>
    <Filter Include="Readers">
      <UniqueIdentifier>{522c2308-edbe-47df-aa71-add53608eb44}</UniqueIdentifier>
    </Filter>
    <Filter Include="TL">
      <UniqueIdentifier>{da9b74be-20a1-4996-93fc-820c4fc243d4}</UniqueIdentifier>
    </Filter>
    <Filter Include="Length">
      <UniqueIdentifier>{c291198b-9607-47d3-a51f-fa56bfaec435}</UniqueIdentifier>
    </Filter>
    <Filter Include="Tag">
      <UniqueIdentifier>{63776038-be86-4473-be89-a0908a7795d3}</UniqueIdentifier>
    </Filter>
    <Filter Include="SW">
      <UniqueIdentifier>{bef28ef9-a4ae-46a5-8680-481220bddb2a}</UniqueIdentifier>
    </Filter>
    <Filter Include="EventListener">
      <UniqueIdentifier>{f4c3afaf-c667-4572-94e2-cff73d8aa14b}</UniqueIdentifier>
    </Filter>
  </ItemGroup>
</Project>